
Microsoft Visual Studio Solution File, Format Version 12.00
# Visual Studio Version 16
VisualStudioVersion = 16.0.31702.278
MinimumVisualStudioVersion = 10.0.40219.1
Project("{FAE04EC0-301F-11D3-BF4B-00C04F79EFBC}") = "RestaurantAPI", "RestaurantAPI\RestaurantAPI.csproj", "{2F22D985-6207-46F3-BD34-9587751F7552}"
EndProject
Global
	GlobalSection(SolutionConfigurationPlatforms) = preSolution
		Debug|Any CPU = Debug|Any CPU
		Release|Any CPU = Release|Any CPU
	EndGlobalSection
	GlobalSection(ProjectConfigurationPlatforms) = postSolution
		{2F22D985-6207-46F3-BD34-9587751F7552}.Debug|Any CPU.ActiveCfg = Debug|Any CPU
		{2F22D985-6207-46F3-BD34-9587751F7552}.Debug|Any CPU.Build.0 = Debug|Any CPU
		{2F22D985-6207-46F3-BD34-9587751F7552}.Release|Any CPU.ActiveCfg = Release|Any CPU
		{2F22D985-6207-46F3-BD34-9587751F7552}.Release|Any CPU.Build.0 = Release|Any CPU
	EndGlobalSection
	GlobalSection(SolutionProperties) = preSolution
		HideSolutionNode = FALSE
	EndGlobalSection
	GlobalSection(ExtensibilityGlobals) = postSolution
		SolutionGuid = {6944B64B-6973-4D57-97C4-A0B056907CA5}
	EndGlobalSection
EndGlobal
